
Microsoft Visual Studio Solution File, Format Version 12.00
# Visual Studio 2012
Project("{FAE04EC0-301F-11D3-BF4B-00C04F79EFBC}") = "iTrip.Service.Passport", "service\passport\iTrip.Service.Passport\iTrip.Service.Passport.csproj", "{DD26F392-FDFE-4609-8952-768834834BD6}"
EndProject
Project("{FAE04EC0-301F-11D3-BF4B-00C04F79EFBC}") = "iTrip.Service.Message", "service\message\iTrip.Service.Message\iTrip.Service.Message.csproj", "{543C35D3-0E5F-429D-9942-5F6E0E09BE49}"
EndProject
Project("{FAE04EC0-301F-11D3-BF4B-00C04F79EFBC}") = "iTrip.Service.Lbs", "service\lbs\iTrip.Service.Lbs\iTrip.Service.Lbs.csproj", "{C5D0D79A-67D7-4879-9181-30CB0BD3A05A}"
EndProject
Project("{2150E333-8FDC-42A3-9474-1A3956D46DE8}") = "lbs", "lbs", "{B6E654F5-E449-4912-837F-28BA840A0BFA}"
EndProject
Project("{2150E333-8FDC-42A3-9474-1A3956D46DE8}") = "message", "message", "{C9B24767-87C1-4E5F-B65B-FFCECC8CC47D}"
EndProject
Project("{2150E333-8FDC-42A3-9474-1A3956D46DE8}") = "passport", "passport", "{9D23FC93-45C1-4CBC-A488-EBC94E227085}"
EndProject
Project("{2150E333-8FDC-42A3-9474-1A3956D46DE8}") = "relation", "relation", "{0FB862F3-407A-44D9-8A2B-B969244A09AD}"
EndProject
Project("{FAE04EC0-301F-11D3-BF4B-00C04F79EFBC}") = "iTrip.Service.Relation", "service\relation\iTrip.Service.Relation\iTrip.Service.Relation.csproj", "{5C7915CA-F6A8-4449-B383-4DE704980B53}"
EndProject
Project("{2150E333-8FDC-42A3-9474-1A3956D46DE8}") = "com", "com", "{1EA78AA7-DB15-4F31-8394-6D60076F4203}"
EndProject
Project("{FAE04EC0-301F-11D3-BF4B-00C04F79EFBC}") = "iTrip.Service.Common", "service\common\iTrip.Service.Common\iTrip.Service.Common.csproj", "{E8EF418A-E477-4D50-A35B-0F3AC7B4C1DE}"
EndProject
Project("{2150E333-8FDC-42A3-9474-1A3956D46DE8}") = "test", "test", "{2A514098-807E-492C-993C-5DFE529104A0}"
EndProject
Project("{FAE04EC0-301F-11D3-BF4B-00C04F79EFBC}") = "iTrip.Settings", "settings\iTrip.Settings\iTrip.Settings.csproj", "{6A780467-94A1-404D-9F0E-4ABC22CCA891}"
EndProject
Project("{2150E333-8FDC-42A3-9474-1A3956D46DE8}") = "business", "business", "{7E2B7E6B-0B17-410F-99AE-59C6A399BF88}"
EndProject
Project("{FAE04EC0-301F-11D3-BF4B-00C04F79EFBC}") = "iTrip.Service.Business", "service\common\iTrip.Service.Business\iTrip.Service.Business.csproj", "{01B4A066-1B29-471A-A036-7FCA093D41CB}"
EndProject
Project("{2150E333-8FDC-42A3-9474-1A3956D46DE8}") = "dao", "dao", "{07BE064E-C6B5-418F-B48A-1D9073DA2B77}"
EndProject
Project("{FAE04EC0-301F-11D3-BF4B-00C04F79EFBC}") = "iTrip.Model", "dao\iTrip.Model\iTrip.Model.csproj", "{EE84F726-A936-4F40-A407-D3AE5FBC6A0C}"
EndProject
Project("{FAE04EC0-301F-11D3-BF4B-00C04F79EFBC}") = "iTrip.TripperCenter", "dao\iTrip.TripperCenter\iTrip.TripperCenter.csproj", "{B5FFB266-E94A-436F-ABBC-E98FBAF28F68}"
EndProject
Project("{2150E333-8FDC-42A3-9474-1A3956D46DE8}") = "settings", "settings", "{B6CBABE1-EDDF-4C62-BCC0-DDC29CD0013A}"
EndProject
Project("{FAE04EC0-301F-11D3-BF4B-00C04F79EFBC}") = "iTrip.Settings.Business", "settings\iTrip.Settings.Business\iTrip.Settings.Business.csproj", "{85F1B313-5BE8-4415-92FE-04B7BC9304DC}"
EndProject
Project("{FAE04EC0-301F-11D3-BF4B-00C04F79EFBC}") = "iTrip.Settings.Consts", "settings\iTrip.Settings.Consts\iTrip.Settings.Consts.csproj", "{6BAB0047-CE2D-457C-A0EC-FB1AA0B564F1}"
EndProject
Project("{2150E333-8FDC-42A3-9474-1A3956D46DE8}") = "web", "web", "{098628B7-6963-4E97-8370-53D1D8CF574A}"
EndProject
Project("{FAE04EC0-301F-11D3-BF4B-00C04F79EFBC}") = "iTrip.Web", "web\iTrip.Web\iTrip.Web.csproj", "{48DD0861-F249-4FC7-A91F-7B9614BC8C2B}"
	ProjectSection(ProjectDependencies) = postProject
		{DD26F392-FDFE-4609-8952-768834834BD6} = {DD26F392-FDFE-4609-8952-768834834BD6}
	EndProjectSection
EndProject
Project("{FAE04EC0-301F-11D3-BF4B-00C04F79EFBC}") = "iTrip.Service.Business.Passport.Authentication", "service\passport\business\authentication\iTrip.Service.Business.Passport.Authentication\iTrip.Service.Business.Passport.Authentication.csproj", "{9B1DEBBD-E699-48DF-9224-D90A0447BE88}"
EndProject
Project("{FAE04EC0-301F-11D3-BF4B-00C04F79EFBC}") = "iTrip.Web.Controllers", "web\iTrip.Web.Controllers\iTrip.Web.Controllers.csproj", "{442AA046-0899-4031-A5E6-8D083B89E1DC}"
	ProjectSection(ProjectDependencies) = postProject
		{DD26F392-FDFE-4609-8952-768834834BD6} = {DD26F392-FDFE-4609-8952-768834834BD6}
	EndProjectSection
EndProject
Project("{2150E333-8FDC-42A3-9474-1A3956D46DE8}") = "services", "services", "{37AB5626-88FD-4187-B80E-28A5B238823E}"
EndProject
Project("{2150E333-8FDC-42A3-9474-1A3956D46DE8}") = "protal", "protal", "{203E32F2-CCB3-48DD-81E9-C08883763080}"
EndProject
Project("{2150E333-8FDC-42A3-9474-1A3956D46DE8}") = "push", "push", "{4F1C558D-19F2-4E4E-9CC9-42295E31F1D9}"
EndProject
Project("{FAE04EC0-301F-11D3-BF4B-00C04F79EFBC}") = "iTrip.Pusher", "push\iTrip.Pusher\iTrip.Pusher.csproj", "{40D24E6A-369E-4541-BB48-6A1F66018C72}"
EndProject
Project("{FAE04EC0-301F-11D3-BF4B-00C04F79EFBC}") = "iTrip.PushBusiness", "push\iTrip.PushBusiness\iTrip.PushBusiness.csproj", "{FDA3DE3B-C1C1-47C0-9010-871C7CAD8C2E}"
EndProject
Project("{FAE04EC0-301F-11D3-BF4B-00C04F79EFBC}") = "iTrip.Push.ServerManager", "push\iTrip.Push.ServerManager\iTrip.Push.ServerManager.csproj", "{51F716BF-E968-4FC5-88C3-A84832D7A095}"
EndProject
Project("{FAE04EC0-301F-11D3-BF4B-00C04F79EFBC}") = "iTrip.Push.iTripSession", "push\iTrip.Push.iTripSession\iTrip.Push.iTripSession.csproj", "{17214D34-E2D9-43B6-9F66-1024FFB5D253}"
EndProject
Project("{FAE04EC0-301F-11D3-BF4B-00C04F79EFBC}") = "iTrip.Push.Commands", "push\iTrip.Push.Commands\iTrip.Push.Commands.csproj", "{DC2403FA-BD31-4089-986C-C5811B864D61}"
EndProject
Global
	GlobalSection(SolutionConfigurationPlatforms) = preSolution
		Debug|Any CPU = Debug|Any CPU
		Release|Any CPU = Release|Any CPU
	EndGlobalSection
	GlobalSection(ProjectConfigurationPlatforms) = postSolution
		{DD26F392-FDFE-4609-8952-768834834BD6}.Debug|Any CPU.ActiveCfg = Debug|Any CPU
		{DD26F392-FDFE-4609-8952-768834834BD6}.Debug|Any CPU.Build.0 = Debug|Any CPU
		{DD26F392-FDFE-4609-8952-768834834BD6}.Release|Any CPU.ActiveCfg = Release|Any CPU
		{DD26F392-FDFE-4609-8952-768834834BD6}.Release|Any CPU.Build.0 = Release|Any CPU
		{543C35D3-0E5F-429D-9942-5F6E0E09BE49}.Debug|Any CPU.ActiveCfg = Debug|Any CPU
		{543C35D3-0E5F-429D-9942-5F6E0E09BE49}.Debug|Any CPU.Build.0 = Debug|Any CPU
		{543C35D3-0E5F-429D-9942-5F6E0E09BE49}.Release|Any CPU.ActiveCfg = Release|Any CPU
		{543C35D3-0E5F-429D-9942-5F6E0E09BE49}.Release|Any CPU.Build.0 = Release|Any CPU
		{C5D0D79A-67D7-4879-9181-30CB0BD3A05A}.Debug|Any CPU.ActiveCfg = Debug|Any CPU
		{C5D0D79A-67D7-4879-9181-30CB0BD3A05A}.Debug|Any CPU.Build.0 = Debug|Any CPU
		{C5D0D79A-67D7-4879-9181-30CB0BD3A05A}.Release|Any CPU.ActiveCfg = Release|Any CPU
		{C5D0D79A-67D7-4879-9181-30CB0BD3A05A}.Release|Any CPU.Build.0 = Release|Any CPU
		{5C7915CA-F6A8-4449-B383-4DE704980B53}.Debug|Any CPU.ActiveCfg = Debug|Any CPU
		{5C7915CA-F6A8-4449-B383-4DE704980B53}.Debug|Any CPU.Build.0 = Debug|Any CPU
		{5C7915CA-F6A8-4449-B383-4DE704980B53}.Release|Any CPU.ActiveCfg = Release|Any CPU
		{5C7915CA-F6A8-4449-B383-4DE704980B53}.Release|Any CPU.Build.0 = Release|Any CPU
		{E8EF418A-E477-4D50-A35B-0F3AC7B4C1DE}.Debug|Any CPU.ActiveCfg = Debug|Any CPU
		{E8EF418A-E477-4D50-A35B-0F3AC7B4C1DE}.Debug|Any CPU.Build.0 = Debug|Any CPU
		{E8EF418A-E477-4D50-A35B-0F3AC7B4C1DE}.Release|Any CPU.ActiveCfg = Release|Any CPU
		{E8EF418A-E477-4D50-A35B-0F3AC7B4C1DE}.Release|Any CPU.Build.0 = Release|Any CPU
		{6A780467-94A1-404D-9F0E-4ABC22CCA891}.Debug|Any CPU.ActiveCfg = Debug|Any CPU
		{6A780467-94A1-404D-9F0E-4ABC22CCA891}.Debug|Any CPU.Build.0 = Debug|Any CPU
		{6A780467-94A1-404D-9F0E-4ABC22CCA891}.Release|Any CPU.ActiveCfg = Release|Any CPU
		{6A780467-94A1-404D-9F0E-4ABC22CCA891}.Release|Any CPU.Build.0 = Release|Any CPU
		{01B4A066-1B29-471A-A036-7FCA093D41CB}.Debug|Any CPU.ActiveCfg = Debug|Any CPU
		{01B4A066-1B29-471A-A036-7FCA093D41CB}.Debug|Any CPU.Build.0 = Debug|Any CPU
		{01B4A066-1B29-471A-A036-7FCA093D41CB}.Release|Any CPU.ActiveCfg = Release|Any CPU
		{01B4A066-1B29-471A-A036-7FCA093D41CB}.Release|Any CPU.Build.0 = Release|Any CPU
		{EE84F726-A936-4F40-A407-D3AE5FBC6A0C}.Debug|Any CPU.ActiveCfg = Debug|Any CPU
		{EE84F726-A936-4F40-A407-D3AE5FBC6A0C}.Debug|Any CPU.Build.0 = Debug|Any CPU
		{EE84F726-A936-4F40-A407-D3AE5FBC6A0C}.Release|Any CPU.ActiveCfg = Release|Any CPU
		{EE84F726-A936-4F40-A407-D3AE5FBC6A0C}.Release|Any CPU.Build.0 = Release|Any CPU
		{B5FFB266-E94A-436F-ABBC-E98FBAF28F68}.Debug|Any CPU.ActiveCfg = Debug|Any CPU
		{B5FFB266-E94A-436F-ABBC-E98FBAF28F68}.Debug|Any CPU.Build.0 = Debug|Any CPU
		{B5FFB266-E94A-436F-ABBC-E98FBAF28F68}.Release|Any CPU.ActiveCfg = Release|Any CPU
		{B5FFB266-E94A-436F-ABBC-E98FBAF28F68}.Release|Any CPU.Build.0 = Release|Any CPU
		{85F1B313-5BE8-4415-92FE-04B7BC9304DC}.Debug|Any CPU.ActiveCfg = Debug|Any CPU
		{85F1B313-5BE8-4415-92FE-04B7BC9304DC}.Debug|Any CPU.Build.0 = Debug|Any CPU
		{85F1B313-5BE8-4415-92FE-04B7BC9304DC}.Release|Any CPU.ActiveCfg = Release|Any CPU
		{85F1B313-5BE8-4415-92FE-04B7BC9304DC}.Release|Any CPU.Build.0 = Release|Any CPU
		{6BAB0047-CE2D-457C-A0EC-FB1AA0B564F1}.Debug|Any CPU.ActiveCfg = Debug|Any CPU
		{6BAB0047-CE2D-457C-A0EC-FB1AA0B564F1}.Debug|Any CPU.Build.0 = Debug|Any CPU
		{6BAB0047-CE2D-457C-A0EC-FB1AA0B564F1}.Release|Any CPU.ActiveCfg = Release|Any CPU
		{6BAB0047-CE2D-457C-A0EC-FB1AA0B564F1}.Release|Any CPU.Build.0 = Release|Any CPU
		{48DD0861-F249-4FC7-A91F-7B9614BC8C2B}.Debug|Any CPU.ActiveCfg = Debug|Any CPU
		{48DD0861-F249-4FC7-A91F-7B9614BC8C2B}.Debug|Any CPU.Build.0 = Debug|Any CPU
		{48DD0861-F249-4FC7-A91F-7B9614BC8C2B}.Release|Any CPU.ActiveCfg = Release|Any CPU
		{48DD0861-F249-4FC7-A91F-7B9614BC8C2B}.Release|Any CPU.Build.0 = Release|Any CPU
		{9B1DEBBD-E699-48DF-9224-D90A0447BE88}.Debug|Any CPU.ActiveCfg = Debug|Any CPU
		{9B1DEBBD-E699-48DF-9224-D90A0447BE88}.Debug|Any CPU.Build.0 = Debug|Any CPU
		{9B1DEBBD-E699-48DF-9224-D90A0447BE88}.Release|Any CPU.ActiveCfg = Release|Any CPU
		{9B1DEBBD-E699-48DF-9224-D90A0447BE88}.Release|Any CPU.Build.0 = Release|Any CPU
		{442AA046-0899-4031-A5E6-8D083B89E1DC}.Debug|Any CPU.ActiveCfg = Debug|Any CPU
		{442AA046-0899-4031-A5E6-8D083B89E1DC}.Debug|Any CPU.Build.0 = Debug|Any CPU
		{442AA046-0899-4031-A5E6-8D083B89E1DC}.Release|Any CPU.ActiveCfg = Release|Any CPU
		{442AA046-0899-4031-A5E6-8D083B89E1DC}.Release|Any CPU.Build.0 = Release|Any CPU
		{40D24E6A-369E-4541-BB48-6A1F66018C72}.Debug|Any CPU.ActiveCfg = Debug|Any CPU
		{40D24E6A-369E-4541-BB48-6A1F66018C72}.Debug|Any CPU.Build.0 = Debug|Any CPU
		{40D24E6A-369E-4541-BB48-6A1F66018C72}.Release|Any CPU.ActiveCfg = Release|Any CPU
		{40D24E6A-369E-4541-BB48-6A1F66018C72}.Release|Any CPU.Build.0 = Release|Any CPU
		{FDA3DE3B-C1C1-47C0-9010-871C7CAD8C2E}.Debug|Any CPU.ActiveCfg = Debug|Any CPU
		{FDA3DE3B-C1C1-47C0-9010-871C7CAD8C2E}.Debug|Any CPU.Build.0 = Debug|Any CPU
		{FDA3DE3B-C1C1-47C0-9010-871C7CAD8C2E}.Release|Any CPU.ActiveCfg = Release|Any CPU
		{FDA3DE3B-C1C1-47C0-9010-871C7CAD8C2E}.Release|Any CPU.Build.0 = Release|Any CPU
		{51F716BF-E968-4FC5-88C3-A84832D7A095}.Debug|Any CPU.ActiveCfg = Debug|Any CPU
		{51F716BF-E968-4FC5-88C3-A84832D7A095}.Debug|Any CPU.Build.0 = Debug|Any CPU
		{51F716BF-E968-4FC5-88C3-A84832D7A095}.Release|Any CPU.ActiveCfg = Release|Any CPU
		{51F716BF-E968-4FC5-88C3-A84832D7A095}.Release|Any CPU.Build.0 = Release|Any CPU
		{17214D34-E2D9-43B6-9F66-1024FFB5D253}.Debug|Any CPU.ActiveCfg = Debug|Any CPU
		{17214D34-E2D9-43B6-9F66-1024FFB5D253}.Debug|Any CPU.Build.0 = Debug|Any CPU
		{17214D34-E2D9-43B6-9F66-1024FFB5D253}.Release|Any CPU.ActiveCfg = Release|Any CPU
		{17214D34-E2D9-43B6-9F66-1024FFB5D253}.Release|Any CPU.Build.0 = Release|Any CPU
		{DC2403FA-BD31-4089-986C-C5811B864D61}.Debug|Any CPU.ActiveCfg = Debug|Any CPU
		{DC2403FA-BD31-4089-986C-C5811B864D61}.Debug|Any CPU.Build.0 = Debug|Any CPU
		{DC2403FA-BD31-4089-986C-C5811B864D61}.Release|Any CPU.ActiveCfg = Release|Any CPU
		{DC2403FA-BD31-4089-986C-C5811B864D61}.Release|Any CPU.Build.0 = Release|Any CPU
	EndGlobalSection
	GlobalSection(SolutionProperties) = preSolution
		HideSolutionNode = FALSE
	EndGlobalSection
	GlobalSection(NestedProjects) = preSolution
		{DD26F392-FDFE-4609-8952-768834834BD6} = {9D23FC93-45C1-4CBC-A488-EBC94E227085}
		{7E2B7E6B-0B17-410F-99AE-59C6A399BF88} = {9D23FC93-45C1-4CBC-A488-EBC94E227085}
		{543C35D3-0E5F-429D-9942-5F6E0E09BE49} = {C9B24767-87C1-4E5F-B65B-FFCECC8CC47D}
		{C5D0D79A-67D7-4879-9181-30CB0BD3A05A} = {B6E654F5-E449-4912-837F-28BA840A0BFA}
		{5C7915CA-F6A8-4449-B383-4DE704980B53} = {0FB862F3-407A-44D9-8A2B-B969244A09AD}
		{E8EF418A-E477-4D50-A35B-0F3AC7B4C1DE} = {1EA78AA7-DB15-4F31-8394-6D60076F4203}
		{01B4A066-1B29-471A-A036-7FCA093D41CB} = {1EA78AA7-DB15-4F31-8394-6D60076F4203}
		{B6CBABE1-EDDF-4C62-BCC0-DDC29CD0013A} = {1EA78AA7-DB15-4F31-8394-6D60076F4203}
		{9B1DEBBD-E699-48DF-9224-D90A0447BE88} = {7E2B7E6B-0B17-410F-99AE-59C6A399BF88}
		{EE84F726-A936-4F40-A407-D3AE5FBC6A0C} = {07BE064E-C6B5-418F-B48A-1D9073DA2B77}
		{B5FFB266-E94A-436F-ABBC-E98FBAF28F68} = {07BE064E-C6B5-418F-B48A-1D9073DA2B77}
		{85F1B313-5BE8-4415-92FE-04B7BC9304DC} = {B6CBABE1-EDDF-4C62-BCC0-DDC29CD0013A}
		{6BAB0047-CE2D-457C-A0EC-FB1AA0B564F1} = {B6CBABE1-EDDF-4C62-BCC0-DDC29CD0013A}
		{6A780467-94A1-404D-9F0E-4ABC22CCA891} = {B6CBABE1-EDDF-4C62-BCC0-DDC29CD0013A}
		{48DD0861-F249-4FC7-A91F-7B9614BC8C2B} = {098628B7-6963-4E97-8370-53D1D8CF574A}
		{442AA046-0899-4031-A5E6-8D083B89E1DC} = {098628B7-6963-4E97-8370-53D1D8CF574A}
		{0FB862F3-407A-44D9-8A2B-B969244A09AD} = {37AB5626-88FD-4187-B80E-28A5B238823E}
		{9D23FC93-45C1-4CBC-A488-EBC94E227085} = {37AB5626-88FD-4187-B80E-28A5B238823E}
		{C9B24767-87C1-4E5F-B65B-FFCECC8CC47D} = {37AB5626-88FD-4187-B80E-28A5B238823E}
		{B6E654F5-E449-4912-837F-28BA840A0BFA} = {37AB5626-88FD-4187-B80E-28A5B238823E}
		{098628B7-6963-4E97-8370-53D1D8CF574A} = {203E32F2-CCB3-48DD-81E9-C08883763080}
		{4F1C558D-19F2-4E4E-9CC9-42295E31F1D9} = {203E32F2-CCB3-48DD-81E9-C08883763080}
		{40D24E6A-369E-4541-BB48-6A1F66018C72} = {4F1C558D-19F2-4E4E-9CC9-42295E31F1D9}
		{FDA3DE3B-C1C1-47C0-9010-871C7CAD8C2E} = {4F1C558D-19F2-4E4E-9CC9-42295E31F1D9}
		{51F716BF-E968-4FC5-88C3-A84832D7A095} = {4F1C558D-19F2-4E4E-9CC9-42295E31F1D9}
		{17214D34-E2D9-43B6-9F66-1024FFB5D253} = {4F1C558D-19F2-4E4E-9CC9-42295E31F1D9}
		{DC2403FA-BD31-4089-986C-C5811B864D61} = {4F1C558D-19F2-4E4E-9CC9-42295E31F1D9}
	EndGlobalSection
EndGlobal
