
Microsoft Visual Studio Solution File, Format Version 12.00
# Visual Studio 2012
Project("{2150E333-8FDC-42A3-9474-1A3956D46DE8}") = "com", "com", "{1EA78AA7-DB15-4F31-8394-6D60076F4203}"
EndProject
Project("{FAE04EC0-301F-11D3-BF4B-00C04F79EFBC}") = "iTrip.Service.Common", "service\common\iTrip.Service.Common\iTrip.Service.Common.csproj", "{E8EF418A-E477-4D50-A35B-0F3AC7B4C1DE}"
EndProject
Project("{2150E333-8FDC-42A3-9474-1A3956D46DE8}") = "test", "test", "{2A514098-807E-492C-993C-5DFE529104A0}"
EndProject
Project("{FAE04EC0-301F-11D3-BF4B-00C04F79EFBC}") = "iTrip.Service.Business", "service\common\iTrip.Service.Business\iTrip.Service.Business.csproj", "{01B4A066-1B29-471A-A036-7FCA093D41CB}"
EndProject
Project("{2150E333-8FDC-42A3-9474-1A3956D46DE8}") = "dao", "dao", "{07BE064E-C6B5-418F-B48A-1D9073DA2B77}"
EndProject
Project("{FAE04EC0-301F-11D3-BF4B-00C04F79EFBC}") = "iTrip.Model", "dao\iTrip.Model\iTrip.Model.csproj", "{EE84F726-A936-4F40-A407-D3AE5FBC6A0C}"
EndProject
Project("{FAE04EC0-301F-11D3-BF4B-00C04F79EFBC}") = "iTrip.TripperCenter", "dao\iTrip.TripperCenter\iTrip.TripperCenter.csproj", "{B5FFB266-E94A-436F-ABBC-E98FBAF28F68}"
EndProject
Project("{2150E333-8FDC-42A3-9474-1A3956D46DE8}") = "web", "web", "{098628B7-6963-4E97-8370-53D1D8CF574A}"
EndProject
Project("{FAE04EC0-301F-11D3-BF4B-00C04F79EFBC}") = "iTrip.Web.Controllers", "web\iTrip.Web.Controllers\iTrip.Web.Controllers.csproj", "{442AA046-0899-4031-A5E6-8D083B89E1DC}"
EndProject
Project("{2150E333-8FDC-42A3-9474-1A3956D46DE8}") = "protal", "protal", "{203E32F2-CCB3-48DD-81E9-C08883763080}"
EndProject
Project("{2150E333-8FDC-42A3-9474-1A3956D46DE8}") = "push", "push", "{4F1C558D-19F2-4E4E-9CC9-42295E31F1D9}"
EndProject
Project("{FAE04EC0-301F-11D3-BF4B-00C04F79EFBC}") = "iTrip.Pusher", "push\iTrip.Pusher\iTrip.Pusher.csproj", "{40D24E6A-369E-4541-BB48-6A1F66018C72}"
EndProject
Project("{FAE04EC0-301F-11D3-BF4B-00C04F79EFBC}") = "iTrip.PushBusiness", "push\iTrip.PushBusiness\iTrip.PushBusiness.csproj", "{FDA3DE3B-C1C1-47C0-9010-871C7CAD8C2E}"
EndProject
Project("{FAE04EC0-301F-11D3-BF4B-00C04F79EFBC}") = "iTrip.Web", "web\iTrip.Web\iTrip.Web.csproj", "{48DD0861-F249-4FC7-A91F-7B9614BC8C2B}"
EndProject
Project("{FAE04EC0-301F-11D3-BF4B-00C04F79EFBC}") = "iTrip.DeliveryCenter", "dao\iTrip.DeliveryCenter\iTrip.DeliveryCenter.csproj", "{408B0662-C089-421B-934B-6523221153C8}"
EndProject
Project("{2150E333-8FDC-42A3-9474-1A3956D46DE8}") = "ws", "ws", "{42BF8C62-8C62-4578-B43C-98604AA1E857}"
EndProject
Project("{FAE04EC0-301F-11D3-BF4B-00C04F79EFBC}") = "iTrip.Push.Commands", "push\ws\iTrip.Push.Commands\iTrip.Push.Commands.csproj", "{DC2403FA-BD31-4089-986C-C5811B864D61}"
EndProject
Project("{FAE04EC0-301F-11D3-BF4B-00C04F79EFBC}") = "iTrip.Push.iTripSession", "push\ws\iTrip.Push.iTripSession\iTrip.Push.iTripSession.csproj", "{17214D34-E2D9-43B6-9F66-1024FFB5D253}"
EndProject
Project("{FAE04EC0-301F-11D3-BF4B-00C04F79EFBC}") = "iTrip.Push.ServerManager", "push\ws\iTrip.Push.ServerManager\iTrip.Push.ServerManager.csproj", "{51F716BF-E968-4FC5-88C3-A84832D7A095}"
EndProject
Project("{FAE04EC0-301F-11D3-BF4B-00C04F79EFBC}") = "iTrip.RelationCenter", "dao\iTrip.RelationCenter\iTrip.RelationCenter.csproj", "{BBE7BB78-1559-439E-8108-2E837D4FCB0F}"
EndProject
Project("{FAE04EC0-301F-11D3-BF4B-00C04F79EFBC}") = "iTrip.StatusCenter", "dao\iTrip.StatusCenter\iTrip.StatusCenter.csproj", "{E0B5B752-965E-46E2-908F-30244B5C98B6}"
EndProject
Project("{FAE04EC0-301F-11D3-BF4B-00C04F79EFBC}") = "iTrip.iPP.Proxy", "protocol\iTrip.iPP.Proxy\iTrip.iPP.Proxy.csproj", "{3736FDCA-EB53-4F93-BCD8-92174572D85A}"
EndProject
Project("{2150E333-8FDC-42A3-9474-1A3956D46DE8}") = "ipp", "ipp", "{1BE5C746-1A63-4BB7-911A-7FFD5CC80A27}"
EndProject
Project("{FAE04EC0-301F-11D3-BF4B-00C04F79EFBC}") = "iTrip.Core.Security", "core\iTrip.Core.Security\iTrip.Core.Security.csproj", "{8EE77E9B-4DB9-4F05-8D90-71EF9565785A}"
EndProject
Project("{2150E333-8FDC-42A3-9474-1A3956D46DE8}") = "common", "common", "{A2361F2D-D992-48B1-ADF9-8ACFC490FE09}"
EndProject
Project("{2150E333-8FDC-42A3-9474-1A3956D46DE8}") = "js", "js", "{689A7364-E8D9-460F-BBD8-18B573FD0A91}"
	ProjectSection(SolutionItems) = preProject
		js\js.base64.js = js\js.base64.js
	EndProjectSection
EndProject
Project("{FAE04EC0-301F-11D3-BF4B-00C04F79EFBC}") = "iTrip.iPP.IProxy", "protocol\iTrip.iPP.IProxy\iTrip.iPP.IProxy.csproj", "{4097C231-EDF4-4EB4-AE7E-C4D6A87F78E4}"
EndProject
Project("{FAE04EC0-301F-11D3-BF4B-00C04F79EFBC}") = "iTrip.iPP.ProxyFactory", "protocol\iTrip.iPP.ProxyFactory\iTrip.iPP.ProxyFactory.csproj", "{C478144D-82A7-4DE9-A8E2-82BC279320E7}"
EndProject
Project("{FAE04EC0-301F-11D3-BF4B-00C04F79EFBC}") = "iTrip.ServiceManager", "service\iTrip.ServiceManager\iTrip.ServiceManager.csproj", "{EF85E192-9728-4A8F-AEA5-F82514BCC2E4}"
EndProject
Project("{FAE04EC0-301F-11D3-BF4B-00C04F79EFBC}") = "iTrip.Service.DaoRespository", "service\common\iTrip.Service.DaoRespository\iTrip.Service.DaoRespository.csproj", "{4850DB28-3843-4D28-A694-A03668D06463}"
EndProject
Project("{2150E333-8FDC-42A3-9474-1A3956D46DE8}") = "business", "business", "{061989B7-B72D-4003-9D66-C735119215FE}"
EndProject
Project("{2150E333-8FDC-42A3-9474-1A3956D46DE8}") = "wcf", "wcf", "{E7583E7E-4CDD-458F-BB21-1CE119F7E6D0}"
EndProject
Project("{2150E333-8FDC-42A3-9474-1A3956D46DE8}") = "passport", "passport", "{A201621A-0C1A-4941-83DD-A747CF316FD0}"
EndProject
Project("{2150E333-8FDC-42A3-9474-1A3956D46DE8}") = "message", "message", "{6C48338E-B732-4FD5-A1B5-A0802690C344}"
EndProject
Project("{2150E333-8FDC-42A3-9474-1A3956D46DE8}") = "status", "status", "{89E5C31C-1352-46E2-8186-21D2F448B651}"
EndProject
Project("{2150E333-8FDC-42A3-9474-1A3956D46DE8}") = "relation", "relation", "{C4BBBA48-ADC8-4594-8E6D-949AA751E3DA}"
EndProject
Project("{2150E333-8FDC-42A3-9474-1A3956D46DE8}") = "message", "message", "{B3E14605-4187-4EAF-B372-AD85F6E0A9FE}"
EndProject
Project("{2150E333-8FDC-42A3-9474-1A3956D46DE8}") = "passport", "passport", "{7DB97915-C460-4DE8-8F51-C145FE635CDA}"
EndProject
Project("{2150E333-8FDC-42A3-9474-1A3956D46DE8}") = "relation", "relation", "{C8DDC3D5-8F5C-4C06-8320-932E76CBC0A2}"
EndProject
Project("{2150E333-8FDC-42A3-9474-1A3956D46DE8}") = "status", "status", "{4D6CE88E-C63D-4414-9C8F-916E6EAF1902}"
EndProject
Project("{2150E333-8FDC-42A3-9474-1A3956D46DE8}") = "service", "service", "{477645AB-9DBF-49E4-81DA-99C697EE9103}"
EndProject
Project("{FAE04EC0-301F-11D3-BF4B-00C04F79EFBC}") = "iTrip.Service.Business.Message.PackageReception", "service\business\message\iTrip.Service.Business.Message.PackageReception\iTrip.Service.Business.Message.PackageReception.csproj", "{05E4F663-B8A4-4889-9D50-0A450F1BEFC9}"
EndProject
Project("{FAE04EC0-301F-11D3-BF4B-00C04F79EFBC}") = "iTrip.Service.Business.Message.IPackageReception", "service\business\message\iTrip.Service.Business.Message.IPackageReception\iTrip.Service.Business.Message.IPackageReception.csproj", "{D6E9527C-A4E1-4F64-8852-ABA56D8824C6}"
EndProject
Project("{FAE04EC0-301F-11D3-BF4B-00C04F79EFBC}") = "iTrip.Service.Wcf.Message.IPublisherIM", "service\wcf\message\iTrip.Service.Wcf.Message.IPublisherIM\iTrip.Service.Wcf.Message.IPublisherIM.csproj", "{B12F1774-AF77-4059-AC57-0C72C6E1CD54}"
EndProject
Project("{FAE04EC0-301F-11D3-BF4B-00C04F79EFBC}") = "iTrip.Service.Wcf.Message.PublisherIM", "service\wcf\message\iTrip.Service.Wcf.Message.PublisherIM\iTrip.Service.Wcf.Message.PublisherIM.csproj", "{E8EB8DBD-B843-4B6D-BDC9-1FEF2120C07F}"
EndProject
Project("{FAE04EC0-301F-11D3-BF4B-00C04F79EFBC}") = "iTrip.Service.Wcf.Status.ITripperStatusResolver", "service\wcf\status\iTrip.Service.Wcf.Status.ITripperStatusResolver\iTrip.Service.Wcf.Status.ITripperStatusResolver.csproj", "{4E92E103-E47C-4927-9F38-4DA4F8C9EA25}"
EndProject
Project("{FAE04EC0-301F-11D3-BF4B-00C04F79EFBC}") = "iTrip.Service.Wcf.Status.TripperStatusResolver", "service\wcf\status\iTrip.Service.Wcf.Status.TripperStatusResolver\iTrip.Service.Wcf.Status.TripperStatusResolver.csproj", "{6B1EE3C9-113D-4355-8B58-E3976DBF0E10}"
EndProject
Project("{FAE04EC0-301F-11D3-BF4B-00C04F79EFBC}") = "iTrip.Service.Business.Status.ITripperStatusReception", "service\business\status\iTrip.Service.Business.Status.ITripperStatusReception\iTrip.Service.Business.Status.ITripperStatusReception.csproj", "{732DF672-E648-466A-9A95-9E42056CB4FC}"
EndProject
Project("{FAE04EC0-301F-11D3-BF4B-00C04F79EFBC}") = "iTrip.Service.Business.Status.TripperStatusReception", "service\business\status\iTrip.Service.Business.Status.TripperStatusReception\iTrip.Service.Business.Status.TripperStatusReception.csproj", "{2078761F-FC77-49C1-B499-D8922EAE998F}"
EndProject
Project("{FAE04EC0-301F-11D3-BF4B-00C04F79EFBC}") = "iTrip.Service.Wcf.Relation.TripperRelationShipResolver", "service\wcf\relation\iTrip.Service.Wcf.Relation.TripperRelationShipResolver\iTrip.Service.Wcf.Relation.TripperRelationShipResolver.csproj", "{BBFAC2E7-1AF4-4A0B-9753-C51E5BC9DBB0}"
EndProject
Project("{FAE04EC0-301F-11D3-BF4B-00C04F79EFBC}") = "iTrip.Service.Wcf.Relation.ITripperRelationShipResolver", "service\wcf\relation\iTrip.Service.Wcf.Relation.ITripperRelationShipResolver\iTrip.Service.Wcf.Relation.ITripperRelationShipResolver.csproj", "{D6E196C7-3BE5-4D89-9FBC-4CA08B69C4F0}"
EndProject
Project("{FAE04EC0-301F-11D3-BF4B-00C04F79EFBC}") = "iTrip.Service.Business.Relation.IRelationRecipient", "service\business\relation\iTrip.Service.Business.Relation.IRelationRecipient\iTrip.Service.Business.Relation.IRelationRecipient.csproj", "{4298912E-D0D9-4CD0-A809-248449F23522}"
EndProject
Project("{FAE04EC0-301F-11D3-BF4B-00C04F79EFBC}") = "iTrip.Service.Business.Relation.RelationRecipient", "service\business\relation\iTrip.Service.Business.Relation.RelationRecipient\iTrip.Service.Business.Relation.RelationRecipient.csproj", "{397059D4-8087-4648-A1FD-6E6EBF3B4019}"
EndProject
Project("{FAE04EC0-301F-11D3-BF4B-00C04F79EFBC}") = "iTrip.Service.Business.Passport.Authentication", "service\business\passport\iTrip.Service.Business.Passport.Authentication\iTrip.Service.Business.Passport.Authentication.csproj", "{34580307-A4D5-4DAE-8E0D-B755769DD7CD}"
EndProject
Project("{FAE04EC0-301F-11D3-BF4B-00C04F79EFBC}") = "iTrip.Service.Business.Passport.IAuthentication", "service\business\passport\iTrip.Service.Business.Passport.IAuthentication\iTrip.Service.Business.Passport.IAuthentication.csproj", "{4F215FFB-16A1-4855-B880-DE280696488E}"
EndProject
Project("{FAE04EC0-301F-11D3-BF4B-00C04F79EFBC}") = "iTrip.Service.Wcf.Passport.Authentication", "service\wcf\passport\iTrip.Service.Wcf.Passport.Authentication\iTrip.Service.Wcf.Passport.Authentication.csproj", "{6B668226-8800-4FD1-9B5C-07BCB63E6F6D}"
EndProject
Project("{FAE04EC0-301F-11D3-BF4B-00C04F79EFBC}") = "iTrip.Service.Wcf.Passport.IAuthentication", "service\wcf\passport\iTrip.Service.Wcf.Passport.IAuthentication\iTrip.Service.Wcf.Passport.IAuthentication.csproj", "{F194C43E-9A83-445D-9BDD-ED43EDECF03C}"
EndProject
Project("{FAE04EC0-301F-11D3-BF4B-00C04F79EFBC}") = "iTrip.Core.ExceptionCode", "core\iTrip.Core.ExceptionCode\iTrip.Core.ExceptionCode.csproj", "{E080075C-80EE-48B5-AB5E-076262CCF2C9}"
EndProject
Project("{FAE04EC0-301F-11D3-BF4B-00C04F79EFBC}") = "iTrip.Core.Setting", "core\iTrip.Core.Setting\iTrip.Core.Setting.csproj", "{EE7FDB9B-5AED-44A1-B38D-B602CE452393}"
EndProject
Project("{FAE04EC0-301F-11D3-BF4B-00C04F79EFBC}") = "iTrip.Service.Common.Wcf", "service\common\iTrip.Service.Common.Wcf\iTrip.Service.Common.Wcf.csproj", "{A88B4AA3-50E3-46D7-B17C-F16B69503B42}"
EndProject
Project("{FAE04EC0-301F-11D3-BF4B-00C04F79EFBC}") = "iTrip.Core.CommonResult", "core\iTrip.Core.CommonResult\iTrip.Core.CommonResult.csproj", "{98AF1E50-0EF3-4811-A021-354D7ADBC25F}"
EndProject
Project("{FAE04EC0-301F-11D3-BF4B-00C04F79EFBC}") = "iTrip.Push.Wcf.PushService", "push\ws\iTrip.Push.Wcf.PushService\iTrip.Push.Wcf.PushService.csproj", "{4093AD07-65D5-4D2B-B69E-DCC6668957ED}"
EndProject
Project("{FAE04EC0-301F-11D3-BF4B-00C04F79EFBC}") = "iTrip.TestConsoler", "test\iTrip.TestConsoler\iTrip.TestConsoler.csproj", "{3A02C564-89A3-48D7-859F-A3ED92B2BE61}"
EndProject
Project("{2150E333-8FDC-42A3-9474-1A3956D46DE8}") = "common", "common", "{EFA48DEC-7B8B-4289-8D2B-E0CCA86AFF34}"
EndProject
Project("{FAE04EC0-301F-11D3-BF4B-00C04F79EFBC}") = "iTrip.Web.Common.Security", "web\iTrip.Web.Common.Security\iTrip.Web.Common.Security.csproj", "{606F59A2-7DF7-4655-9050-586FD20D48EF}"
EndProject
Project("{FAE04EC0-301F-11D3-BF4B-00C04F79EFBC}") = "iTrip.Web.Core", "web\iTrip.Web.Core\iTrip.Web.Core.csproj", "{DA7FED78-0DAC-487B-BE3B-412A2493A6BA}"
EndProject
Global
	GlobalSection(SolutionConfigurationPlatforms) = preSolution
		Debug|Any CPU = Debug|Any CPU
		Release|Any CPU = Release|Any CPU
	EndGlobalSection
	GlobalSection(ProjectConfigurationPlatforms) = postSolution
		{E8EF418A-E477-4D50-A35B-0F3AC7B4C1DE}.Debug|Any CPU.ActiveCfg = Debug|Any CPU
		{E8EF418A-E477-4D50-A35B-0F3AC7B4C1DE}.Debug|Any CPU.Build.0 = Debug|Any CPU
		{E8EF418A-E477-4D50-A35B-0F3AC7B4C1DE}.Release|Any CPU.ActiveCfg = Release|Any CPU
		{E8EF418A-E477-4D50-A35B-0F3AC7B4C1DE}.Release|Any CPU.Build.0 = Release|Any CPU
		{01B4A066-1B29-471A-A036-7FCA093D41CB}.Debug|Any CPU.ActiveCfg = Debug|Any CPU
		{01B4A066-1B29-471A-A036-7FCA093D41CB}.Debug|Any CPU.Build.0 = Debug|Any CPU
		{01B4A066-1B29-471A-A036-7FCA093D41CB}.Release|Any CPU.ActiveCfg = Release|Any CPU
		{01B4A066-1B29-471A-A036-7FCA093D41CB}.Release|Any CPU.Build.0 = Release|Any CPU
		{EE84F726-A936-4F40-A407-D3AE5FBC6A0C}.Debug|Any CPU.ActiveCfg = Debug|Any CPU
		{EE84F726-A936-4F40-A407-D3AE5FBC6A0C}.Debug|Any CPU.Build.0 = Debug|Any CPU
		{EE84F726-A936-4F40-A407-D3AE5FBC6A0C}.Release|Any CPU.ActiveCfg = Release|Any CPU
		{EE84F726-A936-4F40-A407-D3AE5FBC6A0C}.Release|Any CPU.Build.0 = Release|Any CPU
		{B5FFB266-E94A-436F-ABBC-E98FBAF28F68}.Debug|Any CPU.ActiveCfg = Debug|Any CPU
		{B5FFB266-E94A-436F-ABBC-E98FBAF28F68}.Debug|Any CPU.Build.0 = Debug|Any CPU
		{B5FFB266-E94A-436F-ABBC-E98FBAF28F68}.Release|Any CPU.ActiveCfg = Release|Any CPU
		{B5FFB266-E94A-436F-ABBC-E98FBAF28F68}.Release|Any CPU.Build.0 = Release|Any CPU
		{442AA046-0899-4031-A5E6-8D083B89E1DC}.Debug|Any CPU.ActiveCfg = Debug|Any CPU
		{442AA046-0899-4031-A5E6-8D083B89E1DC}.Debug|Any CPU.Build.0 = Debug|Any CPU
		{442AA046-0899-4031-A5E6-8D083B89E1DC}.Release|Any CPU.ActiveCfg = Release|Any CPU
		{442AA046-0899-4031-A5E6-8D083B89E1DC}.Release|Any CPU.Build.0 = Release|Any CPU
		{40D24E6A-369E-4541-BB48-6A1F66018C72}.Debug|Any CPU.ActiveCfg = Debug|Any CPU
		{40D24E6A-369E-4541-BB48-6A1F66018C72}.Debug|Any CPU.Build.0 = Debug|Any CPU
		{40D24E6A-369E-4541-BB48-6A1F66018C72}.Release|Any CPU.ActiveCfg = Release|Any CPU
		{40D24E6A-369E-4541-BB48-6A1F66018C72}.Release|Any CPU.Build.0 = Release|Any CPU
		{FDA3DE3B-C1C1-47C0-9010-871C7CAD8C2E}.Debug|Any CPU.ActiveCfg = Debug|Any CPU
		{FDA3DE3B-C1C1-47C0-9010-871C7CAD8C2E}.Debug|Any CPU.Build.0 = Debug|Any CPU
		{FDA3DE3B-C1C1-47C0-9010-871C7CAD8C2E}.Release|Any CPU.ActiveCfg = Release|Any CPU
		{FDA3DE3B-C1C1-47C0-9010-871C7CAD8C2E}.Release|Any CPU.Build.0 = Release|Any CPU
		{48DD0861-F249-4FC7-A91F-7B9614BC8C2B}.Debug|Any CPU.ActiveCfg = Debug|Any CPU
		{48DD0861-F249-4FC7-A91F-7B9614BC8C2B}.Debug|Any CPU.Build.0 = Debug|Any CPU
		{48DD0861-F249-4FC7-A91F-7B9614BC8C2B}.Release|Any CPU.ActiveCfg = Release|Any CPU
		{48DD0861-F249-4FC7-A91F-7B9614BC8C2B}.Release|Any CPU.Build.0 = Release|Any CPU
		{408B0662-C089-421B-934B-6523221153C8}.Debug|Any CPU.ActiveCfg = Debug|Any CPU
		{408B0662-C089-421B-934B-6523221153C8}.Debug|Any CPU.Build.0 = Debug|Any CPU
		{408B0662-C089-421B-934B-6523221153C8}.Release|Any CPU.ActiveCfg = Release|Any CPU
		{408B0662-C089-421B-934B-6523221153C8}.Release|Any CPU.Build.0 = Release|Any CPU
		{DC2403FA-BD31-4089-986C-C5811B864D61}.Debug|Any CPU.ActiveCfg = Debug|Any CPU
		{DC2403FA-BD31-4089-986C-C5811B864D61}.Debug|Any CPU.Build.0 = Debug|Any CPU
		{DC2403FA-BD31-4089-986C-C5811B864D61}.Release|Any CPU.ActiveCfg = Release|Any CPU
		{DC2403FA-BD31-4089-986C-C5811B864D61}.Release|Any CPU.Build.0 = Release|Any CPU
		{17214D34-E2D9-43B6-9F66-1024FFB5D253}.Debug|Any CPU.ActiveCfg = Debug|Any CPU
		{17214D34-E2D9-43B6-9F66-1024FFB5D253}.Debug|Any CPU.Build.0 = Debug|Any CPU
		{17214D34-E2D9-43B6-9F66-1024FFB5D253}.Release|Any CPU.ActiveCfg = Release|Any CPU
		{17214D34-E2D9-43B6-9F66-1024FFB5D253}.Release|Any CPU.Build.0 = Release|Any CPU
		{51F716BF-E968-4FC5-88C3-A84832D7A095}.Debug|Any CPU.ActiveCfg = Debug|Any CPU
		{51F716BF-E968-4FC5-88C3-A84832D7A095}.Debug|Any CPU.Build.0 = Debug|Any CPU
		{51F716BF-E968-4FC5-88C3-A84832D7A095}.Release|Any CPU.ActiveCfg = Release|Any CPU
		{51F716BF-E968-4FC5-88C3-A84832D7A095}.Release|Any CPU.Build.0 = Release|Any CPU
		{BBE7BB78-1559-439E-8108-2E837D4FCB0F}.Debug|Any CPU.ActiveCfg = Debug|Any CPU
		{BBE7BB78-1559-439E-8108-2E837D4FCB0F}.Debug|Any CPU.Build.0 = Debug|Any CPU
		{BBE7BB78-1559-439E-8108-2E837D4FCB0F}.Release|Any CPU.ActiveCfg = Release|Any CPU
		{BBE7BB78-1559-439E-8108-2E837D4FCB0F}.Release|Any CPU.Build.0 = Release|Any CPU
		{E0B5B752-965E-46E2-908F-30244B5C98B6}.Debug|Any CPU.ActiveCfg = Debug|Any CPU
		{E0B5B752-965E-46E2-908F-30244B5C98B6}.Debug|Any CPU.Build.0 = Debug|Any CPU
		{E0B5B752-965E-46E2-908F-30244B5C98B6}.Release|Any CPU.ActiveCfg = Release|Any CPU
		{E0B5B752-965E-46E2-908F-30244B5C98B6}.Release|Any CPU.Build.0 = Release|Any CPU
		{3736FDCA-EB53-4F93-BCD8-92174572D85A}.Debug|Any CPU.ActiveCfg = Debug|Any CPU
		{3736FDCA-EB53-4F93-BCD8-92174572D85A}.Debug|Any CPU.Build.0 = Debug|Any CPU
		{3736FDCA-EB53-4F93-BCD8-92174572D85A}.Release|Any CPU.ActiveCfg = Release|Any CPU
		{3736FDCA-EB53-4F93-BCD8-92174572D85A}.Release|Any CPU.Build.0 = Release|Any CPU
		{8EE77E9B-4DB9-4F05-8D90-71EF9565785A}.Debug|Any CPU.ActiveCfg = Debug|Any CPU
		{8EE77E9B-4DB9-4F05-8D90-71EF9565785A}.Debug|Any CPU.Build.0 = Debug|Any CPU
		{8EE77E9B-4DB9-4F05-8D90-71EF9565785A}.Release|Any CPU.ActiveCfg = Release|Any CPU
		{8EE77E9B-4DB9-4F05-8D90-71EF9565785A}.Release|Any CPU.Build.0 = Release|Any CPU
		{4097C231-EDF4-4EB4-AE7E-C4D6A87F78E4}.Debug|Any CPU.ActiveCfg = Debug|Any CPU
		{4097C231-EDF4-4EB4-AE7E-C4D6A87F78E4}.Debug|Any CPU.Build.0 = Debug|Any CPU
		{4097C231-EDF4-4EB4-AE7E-C4D6A87F78E4}.Release|Any CPU.ActiveCfg = Release|Any CPU
		{4097C231-EDF4-4EB4-AE7E-C4D6A87F78E4}.Release|Any CPU.Build.0 = Release|Any CPU
		{C478144D-82A7-4DE9-A8E2-82BC279320E7}.Debug|Any CPU.ActiveCfg = Debug|Any CPU
		{C478144D-82A7-4DE9-A8E2-82BC279320E7}.Debug|Any CPU.Build.0 = Debug|Any CPU
		{C478144D-82A7-4DE9-A8E2-82BC279320E7}.Release|Any CPU.ActiveCfg = Release|Any CPU
		{C478144D-82A7-4DE9-A8E2-82BC279320E7}.Release|Any CPU.Build.0 = Release|Any CPU
		{EF85E192-9728-4A8F-AEA5-F82514BCC2E4}.Debug|Any CPU.ActiveCfg = Debug|Any CPU
		{EF85E192-9728-4A8F-AEA5-F82514BCC2E4}.Debug|Any CPU.Build.0 = Debug|Any CPU
		{EF85E192-9728-4A8F-AEA5-F82514BCC2E4}.Release|Any CPU.ActiveCfg = Release|Any CPU
		{EF85E192-9728-4A8F-AEA5-F82514BCC2E4}.Release|Any CPU.Build.0 = Release|Any CPU
		{4850DB28-3843-4D28-A694-A03668D06463}.Debug|Any CPU.ActiveCfg = Debug|Any CPU
		{4850DB28-3843-4D28-A694-A03668D06463}.Debug|Any CPU.Build.0 = Debug|Any CPU
		{4850DB28-3843-4D28-A694-A03668D06463}.Release|Any CPU.ActiveCfg = Release|Any CPU
		{4850DB28-3843-4D28-A694-A03668D06463}.Release|Any CPU.Build.0 = Release|Any CPU
		{05E4F663-B8A4-4889-9D50-0A450F1BEFC9}.Debug|Any CPU.ActiveCfg = Debug|Any CPU
		{05E4F663-B8A4-4889-9D50-0A450F1BEFC9}.Debug|Any CPU.Build.0 = Debug|Any CPU
		{05E4F663-B8A4-4889-9D50-0A450F1BEFC9}.Release|Any CPU.ActiveCfg = Release|Any CPU
		{05E4F663-B8A4-4889-9D50-0A450F1BEFC9}.Release|Any CPU.Build.0 = Release|Any CPU
		{D6E9527C-A4E1-4F64-8852-ABA56D8824C6}.Debug|Any CPU.ActiveCfg = Debug|Any CPU
		{D6E9527C-A4E1-4F64-8852-ABA56D8824C6}.Debug|Any CPU.Build.0 = Debug|Any CPU
		{D6E9527C-A4E1-4F64-8852-ABA56D8824C6}.Release|Any CPU.ActiveCfg = Release|Any CPU
		{D6E9527C-A4E1-4F64-8852-ABA56D8824C6}.Release|Any CPU.Build.0 = Release|Any CPU
		{B12F1774-AF77-4059-AC57-0C72C6E1CD54}.Debug|Any CPU.ActiveCfg = Debug|Any CPU
		{B12F1774-AF77-4059-AC57-0C72C6E1CD54}.Debug|Any CPU.Build.0 = Debug|Any CPU
		{B12F1774-AF77-4059-AC57-0C72C6E1CD54}.Release|Any CPU.ActiveCfg = Release|Any CPU
		{B12F1774-AF77-4059-AC57-0C72C6E1CD54}.Release|Any CPU.Build.0 = Release|Any CPU
		{E8EB8DBD-B843-4B6D-BDC9-1FEF2120C07F}.Debug|Any CPU.ActiveCfg = Debug|Any CPU
		{E8EB8DBD-B843-4B6D-BDC9-1FEF2120C07F}.Debug|Any CPU.Build.0 = Debug|Any CPU
		{E8EB8DBD-B843-4B6D-BDC9-1FEF2120C07F}.Release|Any CPU.ActiveCfg = Release|Any CPU
		{E8EB8DBD-B843-4B6D-BDC9-1FEF2120C07F}.Release|Any CPU.Build.0 = Release|Any CPU
		{4E92E103-E47C-4927-9F38-4DA4F8C9EA25}.Debug|Any CPU.ActiveCfg = Debug|Any CPU
		{4E92E103-E47C-4927-9F38-4DA4F8C9EA25}.Debug|Any CPU.Build.0 = Debug|Any CPU
		{4E92E103-E47C-4927-9F38-4DA4F8C9EA25}.Release|Any CPU.ActiveCfg = Release|Any CPU
		{4E92E103-E47C-4927-9F38-4DA4F8C9EA25}.Release|Any CPU.Build.0 = Release|Any CPU
		{6B1EE3C9-113D-4355-8B58-E3976DBF0E10}.Debug|Any CPU.ActiveCfg = Debug|Any CPU
		{6B1EE3C9-113D-4355-8B58-E3976DBF0E10}.Debug|Any CPU.Build.0 = Debug|Any CPU
		{6B1EE3C9-113D-4355-8B58-E3976DBF0E10}.Release|Any CPU.ActiveCfg = Release|Any CPU
		{6B1EE3C9-113D-4355-8B58-E3976DBF0E10}.Release|Any CPU.Build.0 = Release|Any CPU
		{732DF672-E648-466A-9A95-9E42056CB4FC}.Debug|Any CPU.ActiveCfg = Debug|Any CPU
		{732DF672-E648-466A-9A95-9E42056CB4FC}.Debug|Any CPU.Build.0 = Debug|Any CPU
		{732DF672-E648-466A-9A95-9E42056CB4FC}.Release|Any CPU.ActiveCfg = Release|Any CPU
		{732DF672-E648-466A-9A95-9E42056CB4FC}.Release|Any CPU.Build.0 = Release|Any CPU
		{2078761F-FC77-49C1-B499-D8922EAE998F}.Debug|Any CPU.ActiveCfg = Debug|Any CPU
		{2078761F-FC77-49C1-B499-D8922EAE998F}.Debug|Any CPU.Build.0 = Debug|Any CPU
		{2078761F-FC77-49C1-B499-D8922EAE998F}.Release|Any CPU.ActiveCfg = Release|Any CPU
		{2078761F-FC77-49C1-B499-D8922EAE998F}.Release|Any CPU.Build.0 = Release|Any CPU
		{BBFAC2E7-1AF4-4A0B-9753-C51E5BC9DBB0}.Debug|Any CPU.ActiveCfg = Debug|Any CPU
		{BBFAC2E7-1AF4-4A0B-9753-C51E5BC9DBB0}.Debug|Any CPU.Build.0 = Debug|Any CPU
		{BBFAC2E7-1AF4-4A0B-9753-C51E5BC9DBB0}.Release|Any CPU.ActiveCfg = Release|Any CPU
		{BBFAC2E7-1AF4-4A0B-9753-C51E5BC9DBB0}.Release|Any CPU.Build.0 = Release|Any CPU
		{D6E196C7-3BE5-4D89-9FBC-4CA08B69C4F0}.Debug|Any CPU.ActiveCfg = Debug|Any CPU
		{D6E196C7-3BE5-4D89-9FBC-4CA08B69C4F0}.Debug|Any CPU.Build.0 = Debug|Any CPU
		{D6E196C7-3BE5-4D89-9FBC-4CA08B69C4F0}.Release|Any CPU.ActiveCfg = Release|Any CPU
		{D6E196C7-3BE5-4D89-9FBC-4CA08B69C4F0}.Release|Any CPU.Build.0 = Release|Any CPU
		{4298912E-D0D9-4CD0-A809-248449F23522}.Debug|Any CPU.ActiveCfg = Debug|Any CPU
		{4298912E-D0D9-4CD0-A809-248449F23522}.Debug|Any CPU.Build.0 = Debug|Any CPU
		{4298912E-D0D9-4CD0-A809-248449F23522}.Release|Any CPU.ActiveCfg = Release|Any CPU
		{4298912E-D0D9-4CD0-A809-248449F23522}.Release|Any CPU.Build.0 = Release|Any CPU
		{397059D4-8087-4648-A1FD-6E6EBF3B4019}.Debug|Any CPU.ActiveCfg = Debug|Any CPU
		{397059D4-8087-4648-A1FD-6E6EBF3B4019}.Debug|Any CPU.Build.0 = Debug|Any CPU
		{397059D4-8087-4648-A1FD-6E6EBF3B4019}.Release|Any CPU.ActiveCfg = Release|Any CPU
		{397059D4-8087-4648-A1FD-6E6EBF3B4019}.Release|Any CPU.Build.0 = Release|Any CPU
		{34580307-A4D5-4DAE-8E0D-B755769DD7CD}.Debug|Any CPU.ActiveCfg = Debug|Any CPU
		{34580307-A4D5-4DAE-8E0D-B755769DD7CD}.Debug|Any CPU.Build.0 = Debug|Any CPU
		{34580307-A4D5-4DAE-8E0D-B755769DD7CD}.Release|Any CPU.ActiveCfg = Release|Any CPU
		{34580307-A4D5-4DAE-8E0D-B755769DD7CD}.Release|Any CPU.Build.0 = Release|Any CPU
		{4F215FFB-16A1-4855-B880-DE280696488E}.Debug|Any CPU.ActiveCfg = Debug|Any CPU
		{4F215FFB-16A1-4855-B880-DE280696488E}.Debug|Any CPU.Build.0 = Debug|Any CPU
		{4F215FFB-16A1-4855-B880-DE280696488E}.Release|Any CPU.ActiveCfg = Release|Any CPU
		{4F215FFB-16A1-4855-B880-DE280696488E}.Release|Any CPU.Build.0 = Release|Any CPU
		{6B668226-8800-4FD1-9B5C-07BCB63E6F6D}.Debug|Any CPU.ActiveCfg = Debug|Any CPU
		{6B668226-8800-4FD1-9B5C-07BCB63E6F6D}.Debug|Any CPU.Build.0 = Debug|Any CPU
		{6B668226-8800-4FD1-9B5C-07BCB63E6F6D}.Release|Any CPU.ActiveCfg = Release|Any CPU
		{6B668226-8800-4FD1-9B5C-07BCB63E6F6D}.Release|Any CPU.Build.0 = Release|Any CPU
		{F194C43E-9A83-445D-9BDD-ED43EDECF03C}.Debug|Any CPU.ActiveCfg = Debug|Any CPU
		{F194C43E-9A83-445D-9BDD-ED43EDECF03C}.Debug|Any CPU.Build.0 = Debug|Any CPU
		{F194C43E-9A83-445D-9BDD-ED43EDECF03C}.Release|Any CPU.ActiveCfg = Release|Any CPU
		{F194C43E-9A83-445D-9BDD-ED43EDECF03C}.Release|Any CPU.Build.0 = Release|Any CPU
		{E080075C-80EE-48B5-AB5E-076262CCF2C9}.Debug|Any CPU.ActiveCfg = Debug|Any CPU
		{E080075C-80EE-48B5-AB5E-076262CCF2C9}.Debug|Any CPU.Build.0 = Debug|Any CPU
		{E080075C-80EE-48B5-AB5E-076262CCF2C9}.Release|Any CPU.ActiveCfg = Release|Any CPU
		{E080075C-80EE-48B5-AB5E-076262CCF2C9}.Release|Any CPU.Build.0 = Release|Any CPU
		{EE7FDB9B-5AED-44A1-B38D-B602CE452393}.Debug|Any CPU.ActiveCfg = Debug|Any CPU
		{EE7FDB9B-5AED-44A1-B38D-B602CE452393}.Debug|Any CPU.Build.0 = Debug|Any CPU
		{EE7FDB9B-5AED-44A1-B38D-B602CE452393}.Release|Any CPU.ActiveCfg = Release|Any CPU
		{EE7FDB9B-5AED-44A1-B38D-B602CE452393}.Release|Any CPU.Build.0 = Release|Any CPU
		{A88B4AA3-50E3-46D7-B17C-F16B69503B42}.Debug|Any CPU.ActiveCfg = Debug|Any CPU
		{A88B4AA3-50E3-46D7-B17C-F16B69503B42}.Debug|Any CPU.Build.0 = Debug|Any CPU
		{A88B4AA3-50E3-46D7-B17C-F16B69503B42}.Release|Any CPU.ActiveCfg = Release|Any CPU
		{A88B4AA3-50E3-46D7-B17C-F16B69503B42}.Release|Any CPU.Build.0 = Release|Any CPU
		{98AF1E50-0EF3-4811-A021-354D7ADBC25F}.Debug|Any CPU.ActiveCfg = Debug|Any CPU
		{98AF1E50-0EF3-4811-A021-354D7ADBC25F}.Debug|Any CPU.Build.0 = Debug|Any CPU
		{98AF1E50-0EF3-4811-A021-354D7ADBC25F}.Release|Any CPU.ActiveCfg = Release|Any CPU
		{98AF1E50-0EF3-4811-A021-354D7ADBC25F}.Release|Any CPU.Build.0 = Release|Any CPU
		{4093AD07-65D5-4D2B-B69E-DCC6668957ED}.Debug|Any CPU.ActiveCfg = Debug|Any CPU
		{4093AD07-65D5-4D2B-B69E-DCC6668957ED}.Debug|Any CPU.Build.0 = Debug|Any CPU
		{4093AD07-65D5-4D2B-B69E-DCC6668957ED}.Release|Any CPU.ActiveCfg = Release|Any CPU
		{4093AD07-65D5-4D2B-B69E-DCC6668957ED}.Release|Any CPU.Build.0 = Release|Any CPU
		{3A02C564-89A3-48D7-859F-A3ED92B2BE61}.Debug|Any CPU.ActiveCfg = Debug|Any CPU
		{3A02C564-89A3-48D7-859F-A3ED92B2BE61}.Debug|Any CPU.Build.0 = Debug|Any CPU
		{3A02C564-89A3-48D7-859F-A3ED92B2BE61}.Release|Any CPU.ActiveCfg = Release|Any CPU
		{3A02C564-89A3-48D7-859F-A3ED92B2BE61}.Release|Any CPU.Build.0 = Release|Any CPU
		{606F59A2-7DF7-4655-9050-586FD20D48EF}.Debug|Any CPU.ActiveCfg = Debug|Any CPU
		{606F59A2-7DF7-4655-9050-586FD20D48EF}.Debug|Any CPU.Build.0 = Debug|Any CPU
		{606F59A2-7DF7-4655-9050-586FD20D48EF}.Release|Any CPU.ActiveCfg = Release|Any CPU
		{606F59A2-7DF7-4655-9050-586FD20D48EF}.Release|Any CPU.Build.0 = Release|Any CPU
		{DA7FED78-0DAC-487B-BE3B-412A2493A6BA}.Debug|Any CPU.ActiveCfg = Debug|Any CPU
		{DA7FED78-0DAC-487B-BE3B-412A2493A6BA}.Debug|Any CPU.Build.0 = Debug|Any CPU
		{DA7FED78-0DAC-487B-BE3B-412A2493A6BA}.Release|Any CPU.ActiveCfg = Release|Any CPU
		{DA7FED78-0DAC-487B-BE3B-412A2493A6BA}.Release|Any CPU.Build.0 = Release|Any CPU
	EndGlobalSection
	GlobalSection(SolutionProperties) = preSolution
		HideSolutionNode = FALSE
	EndGlobalSection
	GlobalSection(NestedProjects) = preSolution
		{8EE77E9B-4DB9-4F05-8D90-71EF9565785A} = {1EA78AA7-DB15-4F31-8394-6D60076F4203}
		{E080075C-80EE-48B5-AB5E-076262CCF2C9} = {1EA78AA7-DB15-4F31-8394-6D60076F4203}
		{EE7FDB9B-5AED-44A1-B38D-B602CE452393} = {1EA78AA7-DB15-4F31-8394-6D60076F4203}
		{98AF1E50-0EF3-4811-A021-354D7ADBC25F} = {1EA78AA7-DB15-4F31-8394-6D60076F4203}
		{A2361F2D-D992-48B1-ADF9-8ACFC490FE09} = {477645AB-9DBF-49E4-81DA-99C697EE9103}
		{EF85E192-9728-4A8F-AEA5-F82514BCC2E4} = {477645AB-9DBF-49E4-81DA-99C697EE9103}
		{061989B7-B72D-4003-9D66-C735119215FE} = {477645AB-9DBF-49E4-81DA-99C697EE9103}
		{E7583E7E-4CDD-458F-BB21-1CE119F7E6D0} = {477645AB-9DBF-49E4-81DA-99C697EE9103}
		{3A02C564-89A3-48D7-859F-A3ED92B2BE61} = {2A514098-807E-492C-993C-5DFE529104A0}
		{01B4A066-1B29-471A-A036-7FCA093D41CB} = {A2361F2D-D992-48B1-ADF9-8ACFC490FE09}
		{4850DB28-3843-4D28-A694-A03668D06463} = {A2361F2D-D992-48B1-ADF9-8ACFC490FE09}
		{E8EF418A-E477-4D50-A35B-0F3AC7B4C1DE} = {A2361F2D-D992-48B1-ADF9-8ACFC490FE09}
		{A88B4AA3-50E3-46D7-B17C-F16B69503B42} = {A2361F2D-D992-48B1-ADF9-8ACFC490FE09}
		{EE84F726-A936-4F40-A407-D3AE5FBC6A0C} = {07BE064E-C6B5-418F-B48A-1D9073DA2B77}
		{B5FFB266-E94A-436F-ABBC-E98FBAF28F68} = {07BE064E-C6B5-418F-B48A-1D9073DA2B77}
		{408B0662-C089-421B-934B-6523221153C8} = {07BE064E-C6B5-418F-B48A-1D9073DA2B77}
		{BBE7BB78-1559-439E-8108-2E837D4FCB0F} = {07BE064E-C6B5-418F-B48A-1D9073DA2B77}
		{E0B5B752-965E-46E2-908F-30244B5C98B6} = {07BE064E-C6B5-418F-B48A-1D9073DA2B77}
		{098628B7-6963-4E97-8370-53D1D8CF574A} = {203E32F2-CCB3-48DD-81E9-C08883763080}
		{4F1C558D-19F2-4E4E-9CC9-42295E31F1D9} = {203E32F2-CCB3-48DD-81E9-C08883763080}
		{689A7364-E8D9-460F-BBD8-18B573FD0A91} = {203E32F2-CCB3-48DD-81E9-C08883763080}
		{EFA48DEC-7B8B-4289-8D2B-E0CCA86AFF34} = {203E32F2-CCB3-48DD-81E9-C08883763080}
		{442AA046-0899-4031-A5E6-8D083B89E1DC} = {098628B7-6963-4E97-8370-53D1D8CF574A}
		{48DD0861-F249-4FC7-A91F-7B9614BC8C2B} = {098628B7-6963-4E97-8370-53D1D8CF574A}
		{40D24E6A-369E-4541-BB48-6A1F66018C72} = {4F1C558D-19F2-4E4E-9CC9-42295E31F1D9}
		{FDA3DE3B-C1C1-47C0-9010-871C7CAD8C2E} = {4F1C558D-19F2-4E4E-9CC9-42295E31F1D9}
		{42BF8C62-8C62-4578-B43C-98604AA1E857} = {4F1C558D-19F2-4E4E-9CC9-42295E31F1D9}
		{DC2403FA-BD31-4089-986C-C5811B864D61} = {42BF8C62-8C62-4578-B43C-98604AA1E857}
		{17214D34-E2D9-43B6-9F66-1024FFB5D253} = {42BF8C62-8C62-4578-B43C-98604AA1E857}
		{51F716BF-E968-4FC5-88C3-A84832D7A095} = {42BF8C62-8C62-4578-B43C-98604AA1E857}
		{4093AD07-65D5-4D2B-B69E-DCC6668957ED} = {42BF8C62-8C62-4578-B43C-98604AA1E857}
		{3736FDCA-EB53-4F93-BCD8-92174572D85A} = {1BE5C746-1A63-4BB7-911A-7FFD5CC80A27}
		{4097C231-EDF4-4EB4-AE7E-C4D6A87F78E4} = {1BE5C746-1A63-4BB7-911A-7FFD5CC80A27}
		{C478144D-82A7-4DE9-A8E2-82BC279320E7} = {1BE5C746-1A63-4BB7-911A-7FFD5CC80A27}
		{A201621A-0C1A-4941-83DD-A747CF316FD0} = {061989B7-B72D-4003-9D66-C735119215FE}
		{6C48338E-B732-4FD5-A1B5-A0802690C344} = {061989B7-B72D-4003-9D66-C735119215FE}
		{89E5C31C-1352-46E2-8186-21D2F448B651} = {061989B7-B72D-4003-9D66-C735119215FE}
		{C4BBBA48-ADC8-4594-8E6D-949AA751E3DA} = {061989B7-B72D-4003-9D66-C735119215FE}
		{B3E14605-4187-4EAF-B372-AD85F6E0A9FE} = {E7583E7E-4CDD-458F-BB21-1CE119F7E6D0}
		{7DB97915-C460-4DE8-8F51-C145FE635CDA} = {E7583E7E-4CDD-458F-BB21-1CE119F7E6D0}
		{C8DDC3D5-8F5C-4C06-8320-932E76CBC0A2} = {E7583E7E-4CDD-458F-BB21-1CE119F7E6D0}
		{4D6CE88E-C63D-4414-9C8F-916E6EAF1902} = {E7583E7E-4CDD-458F-BB21-1CE119F7E6D0}
		{34580307-A4D5-4DAE-8E0D-B755769DD7CD} = {A201621A-0C1A-4941-83DD-A747CF316FD0}
		{4F215FFB-16A1-4855-B880-DE280696488E} = {A201621A-0C1A-4941-83DD-A747CF316FD0}
		{05E4F663-B8A4-4889-9D50-0A450F1BEFC9} = {6C48338E-B732-4FD5-A1B5-A0802690C344}
		{D6E9527C-A4E1-4F64-8852-ABA56D8824C6} = {6C48338E-B732-4FD5-A1B5-A0802690C344}
		{732DF672-E648-466A-9A95-9E42056CB4FC} = {89E5C31C-1352-46E2-8186-21D2F448B651}
		{2078761F-FC77-49C1-B499-D8922EAE998F} = {89E5C31C-1352-46E2-8186-21D2F448B651}
		{4298912E-D0D9-4CD0-A809-248449F23522} = {C4BBBA48-ADC8-4594-8E6D-949AA751E3DA}
		{397059D4-8087-4648-A1FD-6E6EBF3B4019} = {C4BBBA48-ADC8-4594-8E6D-949AA751E3DA}
		{B12F1774-AF77-4059-AC57-0C72C6E1CD54} = {B3E14605-4187-4EAF-B372-AD85F6E0A9FE}
		{E8EB8DBD-B843-4B6D-BDC9-1FEF2120C07F} = {B3E14605-4187-4EAF-B372-AD85F6E0A9FE}
		{6B668226-8800-4FD1-9B5C-07BCB63E6F6D} = {7DB97915-C460-4DE8-8F51-C145FE635CDA}
		{F194C43E-9A83-445D-9BDD-ED43EDECF03C} = {7DB97915-C460-4DE8-8F51-C145FE635CDA}
		{BBFAC2E7-1AF4-4A0B-9753-C51E5BC9DBB0} = {C8DDC3D5-8F5C-4C06-8320-932E76CBC0A2}
		{D6E196C7-3BE5-4D89-9FBC-4CA08B69C4F0} = {C8DDC3D5-8F5C-4C06-8320-932E76CBC0A2}
		{4E92E103-E47C-4927-9F38-4DA4F8C9EA25} = {4D6CE88E-C63D-4414-9C8F-916E6EAF1902}
		{6B1EE3C9-113D-4355-8B58-E3976DBF0E10} = {4D6CE88E-C63D-4414-9C8F-916E6EAF1902}
		{606F59A2-7DF7-4655-9050-586FD20D48EF} = {EFA48DEC-7B8B-4289-8D2B-E0CCA86AFF34}
		{DA7FED78-0DAC-487B-BE3B-412A2493A6BA} = {EFA48DEC-7B8B-4289-8D2B-E0CCA86AFF34}
	EndGlobalSection
EndGlobal
